PODS:
  - Alamofire (5.4.2)
  - Down (0.10.0)
  - Socket.IO-Client-Swift (14.0.0):
    - Starscream (~> 3.0.6)
  - Starscream (3.0.6)
  - Swime (3.0.6)
  - UseDesk_SDK_Swift (1.2.2):
    - Alamofire (~> 5)
    - Down
    - Socket.IO-Client-Swift (~> 14.0)
    - Swime

DEPENDENCIES:
  - UseDesk_SDK_Swift (from `../`)

SPEC REPOS:
  trunk:
    - Alamofire
    - Down
    - Socket.IO-Client-Swift
    - Starscream
    - Swime

EXTERNAL SOURCES:
  UseDesk_SDK_Swift:
    :path: "../"

SPEC CHECKSUMS:
  Alamofire: bfbc4c2fe5909b1d94fb4ef2277c6b3727ef5dae
  Down: 01f155f9d7e99673c667efd2218709c3b9a8bc13
  Socket.IO-Client-Swift: 21e6a8a23a7d367d5ddfab6cbbd3c679cf3c25d6
  Starscream: ef3ece99d765eeccb67de105bfa143f929026cf5
  Swime: d7b2c277503b6cea317774aedc2dce05613f8b0b
  UseDesk_SDK_Swift: 77ec838fd7413863281fabcdb8b42460f6c311c6

PODFILE CHECKSUM: 06473a34d829d02e32f611b837c8eb34f4866fb0

COCOAPODS: 1.10.1
